{
  "version": 4,
  "terraform_version": "1.11.1",
  "serial": 56,
  "lineage": "1492940c-e7de-ce7e-c001-94b661d3cb3d",
  "outputs": {
    "cloud_run_url": {
      "value": "https://wedge-api-rhmirzqk6q-uc.a.run.app",
      "type": "string"
    }
  },
  "resources": [
    {
      "mode": "managed",
      "type": "google_artifact_registry_repository",
      "name": "docker_repo",
      "provider": "provider[\"registry.terraform.io/hashicorp/google\"]",
      "instances": [
        {
          "schema_version": 0,
          "attributes": {
            "cleanup_policies": [],
            "cleanup_policy_dry_run": false,
            "create_time": "2025-04-07T08:35:39.081784Z",
            "description": "",
            "docker_config": [],
            "effective_labels": {
              "goog-terraform-provisioned": "true"
            },
            "format": "DOCKER",
            "id": "projects/wedge-golf-prod/locations/us-central1/repositories/wedge-api",
            "kms_key_name": "",
            "labels": {},
            "location": "us-central1",
            "maven_config": [],
            "mode": "STANDARD_REPOSITORY",
            "name": "wedge-api",
            "project": "wedge-golf-prod",
            "remote_repository_config": [],
            "repository_id": "wedge-api",
            "terraform_labels": {
              "goog-terraform-provisioned": "true"
            },
            "timeouts": null,
            "update_time": "2025-04-07T08:35:39.081784Z",
            "virtual_repository_config": [],
            "vulnerability_scanning_config": [
              {
                "enablement_config": "",
                "enablement_state": "SCANNING_DISABLED",
                "enablement_state_reason": "API containerscanning.googleapis.com is not enabled."
              }
            ]
          },
          "sensitive_attributes": [],
          "private": "eyJlMmJmYjczMC1lY2FhLTExZTYtOGY4OC0zNDM2M2JjN2M0YzAiOnsiY3JlYXRlIjoxMjAwMDAwMDAwMDAwLCJkZWxldGUiOjEyMDAwMDAwMDAwMDAsInVwZGF0ZSI6MTIwMDAwMDAwMDAwMH19"
        }
      ]
    },
    {
      "mode": "managed",
      "type": "google_cloud_run_v2_service",
      "name": "api_service",
      "provider": "provider[\"registry.terraform.io/hashicorp/google\"]",
      "instances": [
        {
          "schema_version": 0,
          "attributes": {
            "annotations": {},
            "binary_authorization": [],
            "build_config": [],
            "client": "",
            "client_version": "",
            "conditions": [
              {
                "execution_reason": "",
                "last_transition_time": "2025-04-07T08:39:03.991406Z",
                "message": "",
                "reason": "",
                "revision_reason": "",
                "severity": "",
                "state": "CONDITION_SUCCEEDED",
                "type": "RoutesReady"
              },
              {
                "execution_reason": "",
                "last_transition_time": "2025-04-07T08:39:02.764797Z",
                "message": "",
                "reason": "",
                "revision_reason": "",
                "severity": "",
                "state": "CONDITION_SUCCEEDED",
                "type": "ConfigurationsReady"
              }
            ],
            "create_time": "2025-04-07T08:23:09.012304Z",
            "creator": "533762732653-compute@developer.gserviceaccount.com",
            "custom_audiences": [],
            "delete_time": "",
            "deletion_protection": true,
            "description": "",
            "effective_annotations": {},
            "effective_labels": {},
            "etag": "\"CIyezr8GEMDB6Fo/cHJvamVjdHMvd2VkZ2UtZ29sZi1wcm9kL2xvY2F0aW9ucy91cy1jZW50cmFsMS9zZXJ2aWNlcy93ZWRnZS1hcGk\"",
            "expire_time": "",
            "generation": "3",
            "id": "projects/wedge-golf-prod/locations/us-central1/services/wedge-api",
            "ingress": "INGRESS_TRAFFIC_ALL",
            "invoker_iam_disabled": false,
            "labels": {},
            "last_modifier": "fddiferd@gmail.com",
            "latest_created_revision": "projects/wedge-golf-prod/locations/us-central1/services/wedge-api/revisions/wedge-api-00003-lk6",
            "latest_ready_revision": "projects/wedge-golf-prod/locations/us-central1/services/wedge-api/revisions/wedge-api-00003-lk6",
            "launch_stage": "GA",
            "location": "us-central1",
            "name": "wedge-api",
            "observed_generation": "3",
            "project": "wedge-golf-prod",
            "reconciling": false,
            "scaling": [],
            "template": [
              {
                "annotations": {},
                "containers": [
                  {
                    "args": [],
                    "base_image_uri": "",
                    "build_info": [],
                    "command": [],
                    "depends_on": [],
                    "env": [
                      {
                        "name": "ENVIRONMENT",
                        "value": "dev",
                        "value_source": []
                      },
                      {
                        "name": "FIREBASE_CRED_PATH",
                        "value": "service_accounts/firebase-dev.json",
                        "value_source": []
                      },
                      {
                        "name": "HOST",
                        "value": "0.0.0.0",
                        "value_source": []
                      }
                    ],
                    "image": "gcr.io/wedge-golf-dev/wedge-api:e1f12e64eca616b66150635bd92a6e90347b8fd8",
                    "liveness_probe": [],
                    "name": "",
                    "ports": [
                      {
                        "container_port": 8000,
                        "name": "http1"
                      }
                    ],
                    "resources": [
                      {
                        "cpu_idle": false,
                        "limits": {
                          "cpu": "1000m",
                          "memory": "512Mi"
                        },
                        "startup_cpu_boost": false
                      }
                    ],
                    "startup_probe": [
                      {
                        "failure_threshold": 1,
                        "grpc": [],
                        "http_get": [],
                        "initial_delay_seconds": 0,
                        "period_seconds": 240,
                        "tcp_socket": [
                          {
                            "port": 8000
                          }
                        ],
                        "timeout_seconds": 240
                      }
                    ],
                    "volume_mounts": [],
                    "working_dir": ""
                  }
                ],
                "encryption_key": "",
                "execution_environment": "",
                "gpu_zonal_redundancy_disabled": false,
                "labels": {},
                "max_instance_request_concurrency": 80,
                "node_selector": [],
                "revision": "",
                "scaling": [
                  {
                    "max_instance_count": 3,
                    "min_instance_count": 0
                  }
                ],
                "service_account": "cloudrun-dev-sa@wedge-golf-dev.iam.gserviceaccount.com",
                "session_affinity": false,
                "timeout": "300s",
                "volumes": [],
                "vpc_access": []
              }
            ],
            "terminal_condition": [
              {
                "execution_reason": "",
                "last_transition_time": "2025-04-07T08:39:04.027006Z",
                "message": "",
                "reason": "",
                "revision_reason": "",
                "severity": "",
                "state": "CONDITION_SUCCEEDED",
                "type": "Ready"
              }
            ],
            "terraform_labels": {},
            "timeouts": null,
            "traffic": [
              {
                "percent": 100,
                "revision": "",
                "tag": "",
                "type": "TRAFFIC_TARGET_ALLOCATION_TYPE_LATEST"
              }
            ],
            "traffic_statuses": [
              {
                "percent": 100,
                "revision": "",
                "tag": "",
                "type": "TRAFFIC_TARGET_ALLOCATION_TYPE_LATEST",
                "uri": ""
              }
            ],
            "uid": "a82a1e63-95af-419b-a59e-fef6b5e96d86",
            "update_time": "2025-04-07T08:38:36.190456Z",
            "uri": "https://wedge-api-rhmirzqk6q-uc.a.run.app",
            "urls": [
              "https://wedge-api-533762732653.us-central1.run.app",
              "https://wedge-api-rhmirzqk6q-uc.a.run.app"
            ]
          },
          "sensitive_attributes": [],
          "private": "eyJlMmJmYjczMC1lY2FhLTExZTYtOGY4OC0zNDM2M2JjN2M0YzAiOnsiY3JlYXRlIjoxMjAwMDAwMDAwMDAwLCJkZWxldGUiOjEyMDAwMDAwMDAwMDAsInVwZGF0ZSI6MTIwMDAwMDAwMDAwMH19"
        }
      ]
    },
    {
      "mode": "managed",
      "type": "google_project_iam_member",
      "name": "cloudrun_roles",
      "provider": "provider[\"registry.terraform.io/hashicorp/google\"]",
      "instances": [
        {
          "index_key": "roles/artifactregistry.writer",
          "schema_version": 0,
          "attributes": {
            "condition": [],
            "etag": "BwYyLHJTLk0=",
            "id": "wedge-golf-dev/roles/artifactregistry.writer/serviceAccount:cloudrun-dev-sa@wedge-golf-dev.iam.gserviceaccount.com",
            "member": "serviceAccount:cloudrun-dev-sa@wedge-golf-dev.iam.gserviceaccount.com",
            "project": "wedge-golf-dev",
            "role": "roles/artifactregistry.writer"
          },
          "sensitive_attributes": [],
          "private": "bnVsbA==",
          "dependencies": [
            "google_service_account.cloudrun_sa"
          ]
        },
        {
          "index_key": "roles/datastore.user",
          "schema_version": 0,
          "attributes": {
            "condition": [],
            "etag": "BwYyLHJTLk0=",
            "id": "wedge-golf-dev/roles/datastore.user/serviceAccount:cloudrun-dev-sa@wedge-golf-dev.iam.gserviceaccount.com",
            "member": "serviceAccount:cloudrun-dev-sa@wedge-golf-dev.iam.gserviceaccount.com",
            "project": "wedge-golf-dev",
            "role": "roles/datastore.user"
          },
          "sensitive_attributes": [],
          "private": "bnVsbA==",
          "dependencies": [
            "google_service_account.cloudrun_sa"
          ]
        },
        {
          "index_key": "roles/firebase.admin",
          "schema_version": 0,
          "attributes": {
            "condition": [],
            "etag": "BwYyLHJTLk0=",
            "id": "wedge-golf-dev/roles/firebase.admin/serviceAccount:cloudrun-dev-sa@wedge-golf-dev.iam.gserviceaccount.com",
            "member": "serviceAccount:cloudrun-dev-sa@wedge-golf-dev.iam.gserviceaccount.com",
            "project": "wedge-golf-dev",
            "role": "roles/firebase.admin"
          },
          "sensitive_attributes": [],
          "private": "bnVsbA==",
          "dependencies": [
            "google_service_account.cloudrun_sa"
          ]
        },
        {
          "index_key": "roles/run.admin",
          "schema_version": 0,
          "attributes": {
            "condition": [],
            "etag": "BwYyLHJTLk0=",
            "id": "wedge-golf-dev/roles/run.admin/serviceAccount:cloudrun-dev-sa@wedge-golf-dev.iam.gserviceaccount.com",
            "member": "serviceAccount:cloudrun-dev-sa@wedge-golf-dev.iam.gserviceaccount.com",
            "project": "wedge-golf-dev",
            "role": "roles/run.admin"
          },
          "sensitive_attributes": [],
          "private": "bnVsbA==",
          "dependencies": [
            "google_service_account.cloudrun_sa"
          ]
        },
        {
          "index_key": "roles/storage.admin",
          "schema_version": 0,
          "attributes": {
            "condition": [],
            "etag": "BwYyLHJTLk0=",
            "id": "wedge-golf-dev/roles/storage.admin/serviceAccount:cloudrun-dev-sa@wedge-golf-dev.iam.gserviceaccount.com",
            "member": "serviceAccount:cloudrun-dev-sa@wedge-golf-dev.iam.gserviceaccount.com",
            "project": "wedge-golf-dev",
            "role": "roles/storage.admin"
          },
          "sensitive_attributes": [],
          "private": "bnVsbA==",
          "dependencies": [
            "google_service_account.cloudrun_sa"
          ]
        }
      ]
    },
    {
      "mode": "managed",
      "type": "google_project_iam_member",
      "name": "user_roles",
      "provider": "provider[\"registry.terraform.io/hashicorp/google\"]",
      "instances": [
        {
          "index_key": "roles/artifactregistry.admin",
          "schema_version": 0,
          "attributes": {
            "condition": [],
            "etag": "BwYyLHJTLk0=",
            "id": "wedge-golf-dev/roles/artifactregistry.admin/user:fddiferd@gmail.com",
            "member": "user:fddiferd@gmail.com",
            "project": "wedge-golf-dev",
            "role": "roles/artifactregistry.admin"
          },
          "sensitive_attributes": [],
          "private": "bnVsbA=="
        },
        {
          "index_key": "roles/iam.serviceAccountAdmin",
          "schema_version": 0,
          "attributes": {
            "condition": [],
            "etag": "BwYyLHJTLk0=",
            "id": "wedge-golf-dev/roles/iam.serviceAccountAdmin/user:fddiferd@gmail.com",
            "member": "user:fddiferd@gmail.com",
            "project": "wedge-golf-dev",
            "role": "roles/iam.serviceAccountAdmin"
          },
          "sensitive_attributes": [],
          "private": "bnVsbA=="
        },
        {
          "index_key": "roles/iam.serviceAccountUser",
          "schema_version": 0,
          "attributes": {
            "condition": [],
            "etag": "BwYyLHJTLk0=",
            "id": "wedge-golf-dev/roles/iam.serviceAccountUser/user:fddiferd@gmail.com",
            "member": "user:fddiferd@gmail.com",
            "project": "wedge-golf-dev",
            "role": "roles/iam.serviceAccountUser"
          },
          "sensitive_attributes": [],
          "private": "bnVsbA=="
        },
        {
          "index_key": "roles/run.admin",
          "schema_version": 0,
          "attributes": {
            "condition": [],
            "etag": "BwYyLHJTLk0=",
            "id": "wedge-golf-dev/roles/run.admin/user:fddiferd@gmail.com",
            "member": "user:fddiferd@gmail.com",
            "project": "wedge-golf-dev",
            "role": "roles/run.admin"
          },
          "sensitive_attributes": [],
          "private": "bnVsbA=="
        },
        {
          "index_key": "roles/storage.admin",
          "schema_version": 0,
          "attributes": {
            "condition": [],
            "etag": "BwYyLHJTLk0=",
            "id": "wedge-golf-dev/roles/storage.admin/user:fddiferd@gmail.com",
            "member": "user:fddiferd@gmail.com",
            "project": "wedge-golf-dev",
            "role": "roles/storage.admin"
          },
          "sensitive_attributes": [],
          "private": "bnVsbA=="
        }
      ]
    },
    {
      "mode": "managed",
      "type": "google_service_account",
      "name": "cloudrun_sa",
      "provider": "provider[\"registry.terraform.io/hashicorp/google\"]",
      "instances": [
        {
          "schema_version": 0,
          "attributes": {
            "account_id": "cloudrun-dev-sa",
            "create_ignore_already_exists": null,
            "description": "",
            "disabled": false,
            "display_name": "Cloud Run Service Account dev",
            "email": "cloudrun-dev-sa@wedge-golf-dev.iam.gserviceaccount.com",
            "id": "projects/wedge-golf-dev/serviceAccounts/cloudrun-dev-sa@wedge-golf-dev.iam.gserviceaccount.com",
            "member": "serviceAccount:cloudrun-dev-sa@wedge-golf-dev.iam.gserviceaccount.com",
            "name": "projects/wedge-golf-dev/serviceAccounts/cloudrun-dev-sa@wedge-golf-dev.iam.gserviceaccount.com",
            "project": "wedge-golf-dev",
            "timeouts": null,
            "unique_id": "110653608387878967314"
          },
          "sensitive_attributes": [],
          "private": "eyJlMmJmYjczMC1lY2FhLTExZTYtOGY4OC0zNDM2M2JjN2M0YzAiOnsiY3JlYXRlIjozMDAwMDAwMDAwMDB9fQ=="
        }
      ]
    }
  ],
  "check_results": [
    {
      "object_kind": "var",
      "config_addr": "var.environment",
      "status": "pass",
      "objects": [
        {
          "object_addr": "var.environment",
          "status": "pass"
        }
      ]
    }
  ]
}
